{
  "requires": true,
  "lockfileVersion": 1,
  "dependencies": {
    "bootpag": {
      "version": "1.0.7",
      "resolved": "https://registry.npmjs.org/bootpag/-/bootpag-1.0.7.tgz",
      "integrity": "sha1-8Ww64iRWSq7RWFOJVKarYRuMAc0=",
      "requires": {
        "jquery": ">=1.6"
      }
    },
    "jquery": {
      "version": "3.5.1",
      "resolved": "https://registry.npmjs.org/jquery/-/jquery-3.5.1.tgz",
      "integrity": "sha512-XwIBPqcMn57FxfT+Go5pzySnm4KWkT1Tv7gjrpT1srtf8Weynl6R273VJ5GjkRb51IzMp5nbaPjJXMWeju2MKg=="
    }
  }
}
